
Microsoft Visual Studio Solution File, Format Version 12.00
Project("{2150E333-8FDC-42A3-9474-1A3956D46DE8}") = "src", "src", "{D4A425CE-3109-4AB1-93BB-1DCF2F155202}"
EndProject
Project("{2150E333-8FDC-42A3-9474-1A3956D46DE8}") = "test", "test", "{1FE3EE5B-F587-409C-BDCF-7711415456F6}"
EndProject
Project("{FAE04EC0-301F-11D3-BF4B-00C04F79EFBC}") = "Carbook.API", "src\Carbook.API\Carbook.API.csproj", "{ACCA5609-67AC-4B4E-AEAE-D4550120C887}"
EndProject
Project("{FAE04EC0-301F-11D3-BF4B-00C04F79EFBC}") = "Carbook.Application", "src\Carbook.Application\Carbook.Application.csproj", "{871D3B3E-C49B-4353-A649-985E26210617}"
EndProject
Project("{FAE04EC0-301F-11D3-BF4B-00C04F79EFBC}") = "Carbook.Contracts", "src\Carbook.Contracts\Carbook.Contracts.csproj", "{3C8E344F-9EAF-4D7E-9B5B-98DDA214E516}"
EndProject
Project("{FAE04EC0-301F-11D3-BF4B-00C04F79EFBC}") = "Carbook.Domain", "src\Carbook.Domain\Carbook.Domain.csproj", "{666B5347-0F65-45F7-A3B2-AF435DCF8D96}"
EndProject
Project("{FAE04EC0-301F-11D3-BF4B-00C04F79EFBC}") = "Carbook.Persistence", "src\Carbook.Persistence\Carbook.Persistence.csproj", "{1CC29EAE-01BC-4BD7-9762-1232DD823BC5}"
EndProject
Project("{FAE04EC0-301F-11D3-BF4B-00C04F79EFBC}") = "Carbook.WebApp", "src\Carbook.WebApp\Carbook.WebApp.csproj", "{1E982679-272B-4D0D-A08F-64F10406F62F}"
EndProject
Project("{FAE04EC0-301F-11D3-BF4B-00C04F79EFBC}") = "FazApp.Result", "src\FazApp.Result\FazApp.Result.csproj", "{5C4CF76C-3713-47BB-A201-484070422E14}"
EndProject
Project("{FAE04EC0-301F-11D3-BF4B-00C04F79EFBC}") = "TmpConsoleApp", "src\TmpConsoleApp\TmpConsoleApp.csproj", "{84A11B05-F57F-413E-9ECA-62D02B11BB8E}"
EndProject
Project("{FAE04EC0-301F-11D3-BF4B-00C04F79EFBC}") = "TmpConsoleApp.Tests.Unit", "test\TmpConsoleApp.Tests.Unit\TmpConsoleApp.Tests.Unit.csproj", "{7526A01D-5C24-44A6-AF81-592E3F05342E}"
EndProject
Project("{FAE04EC0-301F-11D3-BF4B-00C04F79EFBC}") = "Carbook.Application.Tests.Unit", "test\Carbook.Application.Tests.Unit\Carbook.Application.Tests.Unit.csproj", "{3E313ED0-4D22-4F3E-802D-150951528B08}"
EndProject
Project("{FAE04EC0-301F-11D3-BF4B-00C04F79EFBC}") = "Carbook.Infrastructure", "src\Carbook.Infrastructure\Carbook.Infrastructure.csproj", "{A6F8F570-BCF2-47D1-A82F-738C22C05A75}"
EndProject
Project("{FAE04EC0-301F-11D3-BF4B-00C04F79EFBC}") = "Tests.Common", "test\Tests.Common\Tests.Common.csproj", "{90DCEB27-A9E3-4440-947D-6602682D4F3A}"
EndProject
Global
	GlobalSection(SolutionConfigurationPlatforms) = preSolution
		Debug|Any CPU = Debug|Any CPU
		Release|Any CPU = Release|Any CPU
	EndGlobalSection
	GlobalSection(ProjectConfigurationPlatforms) = postSolution
		{ACCA5609-67AC-4B4E-AEAE-D4550120C887}.Debug|Any CPU.ActiveCfg = Debug|Any CPU
		{ACCA5609-67AC-4B4E-AEAE-D4550120C887}.Debug|Any CPU.Build.0 = Debug|Any CPU
		{ACCA5609-67AC-4B4E-AEAE-D4550120C887}.Release|Any CPU.ActiveCfg = Release|Any CPU
		{ACCA5609-67AC-4B4E-AEAE-D4550120C887}.Release|Any CPU.Build.0 = Release|Any CPU
		{871D3B3E-C49B-4353-A649-985E26210617}.Debug|Any CPU.ActiveCfg = Debug|Any CPU
		{871D3B3E-C49B-4353-A649-985E26210617}.Debug|Any CPU.Build.0 = Debug|Any CPU
		{871D3B3E-C49B-4353-A649-985E26210617}.Release|Any CPU.ActiveCfg = Release|Any CPU
		{871D3B3E-C49B-4353-A649-985E26210617}.Release|Any CPU.Build.0 = Release|Any CPU
		{3C8E344F-9EAF-4D7E-9B5B-98DDA214E516}.Debug|Any CPU.ActiveCfg = Debug|Any CPU
		{3C8E344F-9EAF-4D7E-9B5B-98DDA214E516}.Debug|Any CPU.Build.0 = Debug|Any CPU
		{3C8E344F-9EAF-4D7E-9B5B-98DDA214E516}.Release|Any CPU.ActiveCfg = Release|Any CPU
		{3C8E344F-9EAF-4D7E-9B5B-98DDA214E516}.Release|Any CPU.Build.0 = Release|Any CPU
		{666B5347-0F65-45F7-A3B2-AF435DCF8D96}.Debug|Any CPU.ActiveCfg = Debug|Any CPU
		{666B5347-0F65-45F7-A3B2-AF435DCF8D96}.Debug|Any CPU.Build.0 = Debug|Any CPU
		{666B5347-0F65-45F7-A3B2-AF435DCF8D96}.Release|Any CPU.ActiveCfg = Release|Any CPU
		{666B5347-0F65-45F7-A3B2-AF435DCF8D96}.Release|Any CPU.Build.0 = Release|Any CPU
		{1CC29EAE-01BC-4BD7-9762-1232DD823BC5}.Debug|Any CPU.ActiveCfg = Debug|Any CPU
		{1CC29EAE-01BC-4BD7-9762-1232DD823BC5}.Debug|Any CPU.Build.0 = Debug|Any CPU
		{1CC29EAE-01BC-4BD7-9762-1232DD823BC5}.Release|Any CPU.ActiveCfg = Release|Any CPU
		{1CC29EAE-01BC-4BD7-9762-1232DD823BC5}.Release|Any CPU.Build.0 = Release|Any CPU
		{1E982679-272B-4D0D-A08F-64F10406F62F}.Debug|Any CPU.ActiveCfg = Debug|Any CPU
		{1E982679-272B-4D0D-A08F-64F10406F62F}.Debug|Any CPU.Build.0 = Debug|Any CPU
		{1E982679-272B-4D0D-A08F-64F10406F62F}.Release|Any CPU.ActiveCfg = Release|Any CPU
		{1E982679-272B-4D0D-A08F-64F10406F62F}.Release|Any CPU.Build.0 = Release|Any CPU
		{5C4CF76C-3713-47BB-A201-484070422E14}.Debug|Any CPU.ActiveCfg = Debug|Any CPU
		{5C4CF76C-3713-47BB-A201-484070422E14}.Debug|Any CPU.Build.0 = Debug|Any CPU
		{5C4CF76C-3713-47BB-A201-484070422E14}.Release|Any CPU.ActiveCfg = Release|Any CPU
		{5C4CF76C-3713-47BB-A201-484070422E14}.Release|Any CPU.Build.0 = Release|Any CPU
		{84A11B05-F57F-413E-9ECA-62D02B11BB8E}.Debug|Any CPU.ActiveCfg = Debug|Any CPU
		{84A11B05-F57F-413E-9ECA-62D02B11BB8E}.Debug|Any CPU.Build.0 = Debug|Any CPU
		{84A11B05-F57F-413E-9ECA-62D02B11BB8E}.Release|Any CPU.ActiveCfg = Release|Any CPU
		{84A11B05-F57F-413E-9ECA-62D02B11BB8E}.Release|Any CPU.Build.0 = Release|Any CPU
		{7526A01D-5C24-44A6-AF81-592E3F05342E}.Debug|Any CPU.ActiveCfg = Debug|Any CPU
		{7526A01D-5C24-44A6-AF81-592E3F05342E}.Debug|Any CPU.Build.0 = Debug|Any CPU
		{7526A01D-5C24-44A6-AF81-592E3F05342E}.Release|Any CPU.ActiveCfg = Release|Any CPU
		{7526A01D-5C24-44A6-AF81-592E3F05342E}.Release|Any CPU.Build.0 = Release|Any CPU
		{3E313ED0-4D22-4F3E-802D-150951528B08}.Debug|Any CPU.ActiveCfg = Debug|Any CPU
		{3E313ED0-4D22-4F3E-802D-150951528B08}.Debug|Any CPU.Build.0 = Debug|Any CPU
		{3E313ED0-4D22-4F3E-802D-150951528B08}.Release|Any CPU.ActiveCfg = Release|Any CPU
		{3E313ED0-4D22-4F3E-802D-150951528B08}.Release|Any CPU.Build.0 = Release|Any CPU
		{A6F8F570-BCF2-47D1-A82F-738C22C05A75}.Debug|Any CPU.ActiveCfg = Debug|Any CPU
		{A6F8F570-BCF2-47D1-A82F-738C22C05A75}.Debug|Any CPU.Build.0 = Debug|Any CPU
		{A6F8F570-BCF2-47D1-A82F-738C22C05A75}.Release|Any CPU.ActiveCfg = Release|Any CPU
		{A6F8F570-BCF2-47D1-A82F-738C22C05A75}.Release|Any CPU.Build.0 = Release|Any CPU
		{90DCEB27-A9E3-4440-947D-6602682D4F3A}.Debug|Any CPU.ActiveCfg = Debug|Any CPU
		{90DCEB27-A9E3-4440-947D-6602682D4F3A}.Debug|Any CPU.Build.0 = Debug|Any CPU
		{90DCEB27-A9E3-4440-947D-6602682D4F3A}.Release|Any CPU.ActiveCfg = Release|Any CPU
		{90DCEB27-A9E3-4440-947D-6602682D4F3A}.Release|Any CPU.Build.0 = Release|Any CPU
	EndGlobalSection
	GlobalSection(NestedProjects) = preSolution
		{ACCA5609-67AC-4B4E-AEAE-D4550120C887} = {D4A425CE-3109-4AB1-93BB-1DCF2F155202}
		{871D3B3E-C49B-4353-A649-985E26210617} = {D4A425CE-3109-4AB1-93BB-1DCF2F155202}
		{3C8E344F-9EAF-4D7E-9B5B-98DDA214E516} = {D4A425CE-3109-4AB1-93BB-1DCF2F155202}
		{666B5347-0F65-45F7-A3B2-AF435DCF8D96} = {D4A425CE-3109-4AB1-93BB-1DCF2F155202}
		{1CC29EAE-01BC-4BD7-9762-1232DD823BC5} = {D4A425CE-3109-4AB1-93BB-1DCF2F155202}
		{1E982679-272B-4D0D-A08F-64F10406F62F} = {D4A425CE-3109-4AB1-93BB-1DCF2F155202}
		{5C4CF76C-3713-47BB-A201-484070422E14} = {D4A425CE-3109-4AB1-93BB-1DCF2F155202}
		{84A11B05-F57F-413E-9ECA-62D02B11BB8E} = {D4A425CE-3109-4AB1-93BB-1DCF2F155202}
		{7526A01D-5C24-44A6-AF81-592E3F05342E} = {1FE3EE5B-F587-409C-BDCF-7711415456F6}
		{3E313ED0-4D22-4F3E-802D-150951528B08} = {1FE3EE5B-F587-409C-BDCF-7711415456F6}
		{A6F8F570-BCF2-47D1-A82F-738C22C05A75} = {D4A425CE-3109-4AB1-93BB-1DCF2F155202}
		{90DCEB27-A9E3-4440-947D-6602682D4F3A} = {1FE3EE5B-F587-409C-BDCF-7711415456F6}
	EndGlobalSection
EndGlobal
